
Microsoft Visual Studio Solution File, Format Version 12.00
# Visual Studio Version 17
VisualStudioVersion = 17.11.35312.102
MinimumVisualStudioVersion = 10.0.40219.1
Project("{FAE04EC0-301F-11D3-BF4B-00C04F79EFBC}") = "kosteczka", "kosteczka\kosteczka.csproj", "{6828B4B7-2388-4043-B3DE-1C9A4A14C93C}"
EndProject
Global
	GlobalSection(SolutionConfigurationPlatforms) = preSolution
		Debug|Any CPU = Debug|Any CPU
		Release|Any CPU = Release|Any CPU
	EndGlobalSection
	GlobalSection(ProjectConfigurationPlatforms) = postSolution
		{6828B4B7-2388-4043-B3DE-1C9A4A14C93C}.Debug|Any CPU.ActiveCfg = Debug|Any CPU
		{6828B4B7-2388-4043-B3DE-1C9A4A14C93C}.Debug|Any CPU.Build.0 = Debug|Any CPU
		{6828B4B7-2388-4043-B3DE-1C9A4A14C93C}.Debug|Any CPU.Deploy.0 = Debug|Any CPU
		{6828B4B7-2388-4043-B3DE-1C9A4A14C93C}.Release|Any CPU.ActiveCfg = Release|Any CPU
		{6828B4B7-2388-4043-B3DE-1C9A4A14C93C}.Release|Any CPU.Build.0 = Release|Any CPU
		{6828B4B7-2388-4043-B3DE-1C9A4A14C93C}.Release|Any CPU.Deploy.0 = Release|Any CPU
	EndGlobalSection
	GlobalSection(SolutionProperties) = preSolution
		HideSolutionNode = FALSE
	EndGlobalSection
	GlobalSection(ExtensibilityGlobals) = postSolution
		SolutionGuid = {9A19E56E-5D6D-4AD5-8CD3-33EC5E637925}
	EndGlobalSection
EndGlobal
